{
  "nodes": {
    "armillary": {
      "inputs": {
        "crane": "crane",
        "nixpkgs": "nixpkgs"
      },
      "locked": {
        "lastModified": 1790413376,
        "narHash": "sha256-AlQngtRmAbIQankNI+1T9x0tnC6+e++jzAQc1ErdFeY=",
        "owner": "StardustXR",
        "repo": "armillary",
        "rev": "58e3803c74da4d6cb8a1f491ead764ea73c3ec7d",
        "type": "github"
      },
      "original": {
        "owner": "StardustXR",
        "repo": "armillary",
        "type": "github"
      }
    },
    "atmosphere": {
      "inputs": {
        "crane": "crane_2",
        "nixpkgs": "nixpkgs_2"
      },
      "locked": {
        "lastModified": 1790409691,
        "narHash": "sha256-wyPyciXJT5KN+ao2o7GH6ORy4bYxItrvWBmeb4xE+Yw=",
        "owner": "StardustXR",
        "repo": "atmosphere",
        "rev": "a9f4e3b8afb511d5a833de15745efd99f9e40ad0",
        "type": "github"
      },
      "original": {
        "owner": "StardustXR",
        "repo": "atmosphere",
        "type": "github"
      }
    },
    "black-hole": {
      "inputs": {
        "crane": "crane_3",
        "nixpkgs": "nixpkgs_3",
        "rust-overlay": "rust-overlay"
      },
      "locked": {
        "lastModified": 1790545109,
        "narHash": "sha256-CiuzJP+K4MRgcmp4tMElaHwJnA4wLoAwSSvWfPNSnxM=",
        "owner": "StardustXR",
        "repo": "black-hole",
        "rev": "94a076e234c91fa8b0145d0205bb5724987f58ca",
        "type": "github"
      },
      "original": {
        "owner": "StardustXR",
        "repo": "black-hole",
        "type": "github"
      }
    },
    "comet": {
      "inputs": {
        "crane": "crane_4",
        "nixpkgs": "nixpkgs_4"
      },
      "locked": {
        "lastModified": 1790410764,
        "narHash": "sha256-etzLdtX129S76GPXv6zY2YDweH3pPpSfZbnpKeRz1pI=",
        "owner": "StardustXR",
        "repo": "comet",
        "rev": "ad4a00c707a1327de4c6f29b63572c4ce7fdc4d0",
        "type": "github"
      },
      "original": {
        "owner": "StardustXR",
        "repo": "comet",
        "type": "github"
      }
    },
    "crane": {
      "locked": {
        "lastModified": 1789760033,
        "narHash": "sha256-jtT4yxZpR8seYnlCMMWSSPlFN92zO6ICuZ8pJrmi86k=",
        "owner": "ipetkov",
        "repo": "crane",
        "rev": "73b980519cefc727a5f6cc8e5c0947a2f9be6edd",
        "type": "github"
      },
      "original": {
        "owner": "ipetkov",
        "repo": "crane",
        "type": "github"
      }
    },
    "crane_10": {
      "locked": {
        "lastModified": 1789760033,
        "narHash": "sha256-jtT4yxZpR8seYnlCMMWSSPlFN92zO6ICuZ8pJrmi86k=",
        "owner": "ipetkov",
        "repo": "crane",
        "rev": "73b980519cefc727a5f6cc8e5c0947a2f9be6edd",
        "type": "github"
      },
      "original": {
        "owner": "ipetkov",
        "repo": "crane",
        "type": "github"
      }
    },
    "crane_2": {
      "locked": {
        "lastModified": 1789760033,
        "narHash": "sha256-jtT4yxZpR8seYnlCMMWSSPlFN92zO6ICuZ8pJrmi86k=",
        "owner": "ipetkov",
        "repo": "crane",
        "rev": "73b980519cefc727a5f6cc8e5c0947a2f9be6edd",
        "type": "github"
      },
      "original": {
        "owner": "ipetkov",
        "repo": "crane",
        "type": "github"
      }
    },
    "crane_3": {
      "locked": {
        "lastModified": 1789760033,
        "narHash": "sha256-jtT4yxZpR8seYnlCMMWSSPlFN92zO6ICuZ8pJrmi86k=",
        "owner": "ipetkov",
        "repo": "crane",
        "rev": "73b980519cefc727a5f6cc8e5c0947a2f9be6edd",
        "type": "github"
      },
      "original": {
        "owner": "ipetkov",
        "repo": "crane",
        "type": "github"
      }
    },
    "crane_4": {
      "locked": {
        "lastModified": 1789760033,
        "narHash": "sha256-jtT4yxZpR8seYnlCMMWSSPlFN92zO6ICuZ8pJrmi86k=",
        "owner": "ipetkov",
        "repo": "crane",
        "rev": "73b980519cefc727a5f6cc8e5c0947a2f9be6edd",
        "type": "github"
      },
      "original": {
        "owner": "ipetkov",
        "repo": "crane",
        "type": "github"
      }
    },
    "crane_5": {
      "locked": {
        "lastModified": 1789760033,
        "narHash": "sha256-jtT4yxZpR8seYnlCMMWSSPlFN92zO6ICuZ8pJrmi86k=",
        "owner": "ipetkov",
        "repo": "crane",
        "rev": "73b980519cefc727a5f6cc8e5c0947a2f9be6edd",
        "type": "github"
      },
      "original": {
        "owner": "ipetkov",
        "repo": "crane",
        "type": "github"
      }
    },
    "crane_6": {
      "locked": {
        "lastModified": 1789760033,
        "narHash": "sha256-jtT4yxZpR8seYnlCMMWSSPlFN92zO6ICuZ8pJrmi86k=",
        "owner": "ipetkov",
        "repo": "crane",
        "rev": "73b980519cefc727a5f6cc8e5c0947a2f9be6edd",
        "type": "github"
      },
      "original": {
        "owner": "ipetkov",
        "repo": "crane",
        "type": "github"
      }
    },
    "crane_7": {
      "locked": {
        "lastModified": 1789760033,
        "narHash": "sha256-jtT4yxZpR8seYnlCMMWSSPlFN92zO6ICuZ8pJrmi86k=",
        "owner": "ipetkov",
        "repo": "crane",
        "rev": "73b980519cefc727a5f6cc8e5c0947a2f9be6edd",
        "type": "github"
      },
      "original": {
        "owner": "ipetkov",
        "repo": "crane",
        "type": "github"
      }
    },
    "crane_8": {
      "locked": {
        "lastModified": 1789760033,
        "narHash": "sha256-jtT4yxZpR8seYnlCMMWSSPlFN92zO6ICuZ8pJrmi86k=",
        "owner": "ipetkov",
        "repo": "crane",
        "rev": "73b980519cefc727a5f6cc8e5c0947a2f9be6edd",
        "type": "github"
      },
      "original": {
        "owner": "ipetkov",
        "repo": "crane",
        "type": "github"
      }
    },
    "crane_9": {
      "locked": {
        "lastModified": 1789760033,
        "narHash": "sha256-jtT4yxZpR8seYnlCMMWSSPlFN92zO6ICuZ8pJrmi86k=",
        "owner": "ipetkov",
        "repo": "crane",
        "rev": "73b980519cefc727a5f6cc8e5c0947a2f9be6edd",
        "type": "github"
      },
      "original": {
        "owner": "ipetkov",
        "repo": "crane",
        "type": "github"
      }
    },
    "flake-parts": {
      "inputs": {
        "nixpkgs-lib": "nixpkgs-lib"
      },
      "locked": {
        "lastModified": 1788450739,
        "narHash": "sha256-glZLQlzIn1fXH6PazR2iUmTo7kzzyYSshrWhLS9TqCU=",
        "owner": "hercules-ci",
        "repo": "flake-parts",
        "rev": "31729ca8cbdb4fa927b34e5f4353e6a83f39e993",
        "type": "github"
      },
      "original": {
        "owner": "hercules-ci",
        "repo": "flake-parts",
        "type": "github"
      }
    },
    "flake-parts_2": {
      "inputs": {
        "nixpkgs-lib": [
          "server",
          "hercules-ci-effects",
          "nixpkgs"
        ]
      },
      "locked": {
        "lastModified": 1788450739,
        "narHash": "sha256-glZLQlzIn1fXH6PazR2iUmTo7kzzyYSshrWhLS9TqCU=",
        "owner": "hercules-ci",
        "repo": "flake-parts",
        "rev": "31729ca8cbdb4fa927b34e5f4353e6a83f39e993",
        "type": "github"
      },
      "original": {
        "id": "flake-parts",
        "type": "indirect"
      }
    },
    "flatland": {
      "inputs": {
        "crane": "crane_5",
        "nixpkgs": "nixpkgs_5"
      },
      "locked": {
        "lastModified": 1790409892,
        "narHash": "sha256-jtETTVpLoKdaRI3b797dPkMd4d/hS1KIrWHJCQfS6jc=",
        "owner": "StardustXR",
        "repo": "flatland",
        "rev": "2a652b688b45e3e2e8eb5cc51014e9a7c874ec2b",
        "type": "github"
      },
      "original": {
        "owner": "StardustXR",
        "repo": "flatland",
        "type": "github"
      }
    },
    "gravity": {
      "inputs": {
        "crane": "crane_6",
        "nixpkgs": "nixpkgs_6"
      },
      "locked": {
        "lastModified": 1790409875,
        "narHash": "sha256-N8eMgCvxq4W9GP0Fp9bZvtyEG+pIwGJguYBx0/O6Wrw=",
        "owner": "StardustXR",
        "repo": "gravity",
        "rev": "709a6b7587f736ece4672c6a35ef7bc6a666c75d",
        "type": "github"
      },
      "original": {
        "owner": "StardustXR",
        "repo": "gravity",
        "type": "github"
      }
    },
    "hercules-ci-effects": {
      "inputs": {
        "flake-parts": "flake-parts_2",
        "nixpkgs": "nixpkgs_10"
      },
      "locked": {
        "lastModified": 1789448436,
        "narHash": "sha256-fknJsE4XnFjUfo87T9jyZ15ivJZB/varWvsJMYk0BNY=",
        "owner": "hercules-ci",
        "repo": "hercules-ci-effects",
        "rev": "6c58de7236d1cd634deea07bd15d52c7ce470bd3",
        "type": "github"
      },
      "original": {
        "owner": "hercules-ci",
        "repo": "hercules-ci-effects",
        "type": "github"
      }
    },
    "nixpkgs": {
      "locked": {
        "lastModified": 1790185690,
        "narHash": "sha256-xJ+X4hBtOcAFGBOe5nAMyMUeF9foJBmIOu3NjBqBycU=",
        "owner": "NixOS",
        "repo": "nixpkgs",
        "rev": "4975466d324710c576dc11ad614684e6bd8cad8e",
        "type": "github"
      },
      "original": {
        "owner": "NixOS",
        "ref": "nixos-unstable",
        "repo": "nixpkgs",
        "type": "github"
      }
    },
    "nixpkgs-lib": {
      "locked": {
        "lastModified": 1788057806,
        "narHash": "sha256-DTQSMxzDWmT0zhguthvegnVkn7CFqGCv4IHCzk5ZUpM=",
        "owner": "nix-community",
        "repo": "nixpkgs.lib",
        "rev": "596e2e3940e09b2abbeb03f75fa1828c57fcd72c",
        "type": "github"
      },
      "original": {
        "owner": "nix-community",
        "repo": "nixpkgs.lib",
        "type": "github"
      }
    },
    "nixpkgs_10": {
      "locked": {
        "lastModified": 1789286504,
        "narHash": "sha256-eiEK7cKZORNEvX0GeF3RtNEF/JXhgf2RqSp3230q13E=",
        "owner": "NixOS",
        "repo": "nixpkgs",
        "rev": "ef34387ddd751e1ab8857adf4676492d32eb24ec",
        "type": "github"
      },
      "original": {
        "owner": "NixOS",
        "ref": "nixos-unstable",
        "repo": "nixpkgs",
        "type": "github"
      }
    },
    "nixpkgs_11": {
      "locked": {
        "lastModified": 1790185690,
        "narHash": "sha256-xJ+X4hBtOcAFGBOe5nAMyMUeF9foJBmIOu3NjBqBycU=",
        "owner": "nixos",
        "repo": "nixpkgs",
        "rev": "4975466d324710c576dc11ad614684e6bd8cad8e",
        "type": "github"
      },
      "original": {
        "owner": "nixos",
        "ref": "nixos-unstable",
        "repo": "nixpkgs",
        "type": "github"
      }
    },
    "nixpkgs_12": {
      "locked": {
        "lastModified": 1790185690,
        "narHash": "sha256-xJ+X4hBtOcAFGBOe5nAMyMUeF9foJBmIOu3NjBqBycU=",
        "owner": "NixOS",
        "repo": "nixpkgs",
        "rev": "4975466d324710c576dc11ad614684e6bd8cad8e",
        "type": "github"
      },
      "original": {
        "owner": "NixOS",
        "ref": "nixos-unstable",
        "repo": "nixpkgs",
        "type": "github"
      }
    },
    "nixpkgs_13": {
      "locked": {
        "lastModified": 1790578696,
        "narHash": "sha256-ZoxIApko70jCdbH3l20HWXOBaT2HZd87orzd2yJ9dVE=",
        "owner": "NixOS",
        "repo": "nixpkgs",
        "rev": "7a0f122f5090cf4c2ade2a13a0e229d4e19ba71f",
        "type": "github"
      },
      "original": {
        "owner": "NixOS",
        "ref": "nixos-unstable",
        "repo": "nixpkgs",
        "type": "github"
      }
    },
    "nixpkgs_2": {
      "locked": {
        "lastModified": 1790185690,
        "narHash": "sha256-xJ+X4hBtOcAFGBOe5nAMyMUeF9foJBmIOu3NjBqBycU=",
        "owner": "NixOS",
        "repo": "nixpkgs",
        "rev": "4975466d324710c576dc11ad614684e6bd8cad8e",
        "type": "github"
      },
      "original": {
        "owner": "NixOS",
        "ref": "nixos-unstable",
        "repo": "nixpkgs",
        "type": "github"
      }
    },
    "nixpkgs_3": {
      "locked": {
        "lastModified": 1790185690,
        "narHash": "sha256-xJ+X4hBtOcAFGBOe5nAMyMUeF9foJBmIOu3NjBqBycU=",
        "owner": "NixOS",
        "repo": "nixpkgs",
        "rev": "4975466d324710c576dc11ad614684e6bd8cad8e",
        "type": "github"
      },
      "original": {
        "owner": "NixOS",
        "ref": "nixos-unstable",
        "repo": "nixpkgs",
        "type": "github"
      }
    },
    "nixpkgs_4": {
      "locked": {
        "lastModified": 1790185690,
        "narHash": "sha256-xJ+X4hBtOcAFGBOe5nAMyMUeF9foJBmIOu3NjBqBycU=",
        "owner": "NixOS",
        "repo": "nixpkgs",
        "rev": "4975466d324710c576dc11ad614684e6bd8cad8e",
        "type": "github"
      },
      "original": {
        "owner": "NixOS",
        "ref": "nixos-unstable",
        "repo": "nixpkgs",
        "type": "github"
      }
    },
    "nixpkgs_5": {
      "locked": {
        "lastModified": 1790185690,
        "narHash": "sha256-xJ+X4hBtOcAFGBOe5nAMyMUeF9foJBmIOu3NjBqBycU=",
        "owner": "NixOS",
        "repo": "nixpkgs",
        "rev": "4975466d324710c576dc11ad614684e6bd8cad8e",
        "type": "github"
      },
      "original": {
        "owner": "NixOS",
        "ref": "nixos-unstable",
        "repo": "nixpkgs",
        "type": "github"
      }
    },
    "nixpkgs_6": {
      "locked": {
        "lastModified": 1790185690,
        "narHash": "sha256-xJ+X4hBtOcAFGBOe5nAMyMUeF9foJBmIOu3NjBqBycU=",
        "owner": "NixOS",
        "repo": "nixpkgs",
        "rev": "4975466d324710c576dc11ad614684e6bd8cad8e",
        "type": "github"
      },
      "original": {
        "owner": "NixOS",
        "ref": "nixos-unstable",
        "repo": "nixpkgs",
        "type": "github"
      }
    },
    "nixpkgs_7": {
      "locked": {
        "lastModified": 1790463110,
        "narHash": "sha256-hKlVl12B1dF0Q5vd9dY3lIJM5mFGWYSlXwSLAqHZ1+s=",
        "owner": "NixOS",
        "repo": "nixpkgs",
        "rev": "e158d9ed9b51c98974c5e66e1ba1c9e0255fecaa",
        "type": "github"
      },
      "original": {
        "owner": "NixOS",
        "ref": "nixos-unstable",
        "repo": "nixpkgs",
        "type": "github"
      }
    },
    "nixpkgs_8": {
      "locked": {
        "lastModified": 1790185690,
        "narHash": "sha256-xJ+X4hBtOcAFGBOe5nAMyMUeF9foJBmIOu3NjBqBycU=",
        "owner": "NixOS",
        "repo": "nixpkgs",
        "rev": "4975466d324710c576dc11ad614684e6bd8cad8e",
        "type": "github"
      },
      "original": {
        "owner": "NixOS",
        "ref": "nixos-unstable",
        "repo": "nixpkgs",
        "type": "github"
      }
    },
    "nixpkgs_9": {
      "locked": {
        "lastModified": 1790185690,
        "narHash": "sha256-xJ+X4hBtOcAFGBOe5nAMyMUeF9foJBmIOu3NjBqBycU=",
        "owner": "NixOS",
        "repo": "nixpkgs",
        "rev": "4975466d324710c576dc11ad614684e6bd8cad8e",
        "type": "github"
      },
      "original": {
        "owner": "NixOS",
        "ref": "nixos-unstable",
        "repo": "nixpkgs",
        "type": "github"
      }
    },
    "non-spatial-input": {
      "inputs": {
        "crane": "crane_7",
        "nixpkgs": "nixpkgs_8"
      },
      "locked": {
        "lastModified": 1790409861,
        "narHash": "sha256-jhuzP8gIvdUwOSOU7IzCR+1VYD5STJO4W5izBJLWLx4=",
        "owner": "StardustXR",
        "repo": "non-spatial-input",
        "rev": "1461769358572f1d9cb52284ccd6b70ec730e45e",
        "type": "github"
      },
      "original": {
        "owner": "StardustXR",
        "repo": "non-spatial-input",
        "type": "github"
      }
    },
    "protostar": {
      "inputs": {
        "crane": "crane_8",
        "nixpkgs": "nixpkgs_9"
      },
      "locked": {
        "lastModified": 1790409844,
        "narHash": "sha256-rqEEgQKVoLZi+dUf+Vj2vjsngGTBJ4ZswTF3n6ERoZ0=",
        "owner": "StardustXR",
        "repo": "protostar",
        "rev": "2c9f95ee8f661272edfac28b9abd85d008100d1b",
        "type": "github"
      },
      "original": {
        "owner": "StardustXR",
        "repo": "protostar",
        "type": "github"
      }
    },
    "root": {
      "inputs": {
        "armillary": "armillary",
        "atmosphere": "atmosphere",
        "black-hole": "black-hole",
        "comet": "comet",
        "flatland": "flatland",
        "gravity": "gravity",
        "nixpkgs": "nixpkgs_7",
        "non-spatial-input": "non-spatial-input",
        "protostar": "protostar",
        "server": "server",
        "solar-sailer": "solar-sailer",
        "wayland-service": "wayland-service"
      }
    },
    "rust-overlay": {
      "inputs": {
        "nixpkgs": [
          "black-hole",
          "nixpkgs"
        ]
      },
      "locked": {
        "lastModified": 1790321428,
        "narHash": "sha256-JQBGEZDY6up5yu0ehQeDDnjvsw7MP8d4AlaBd9RxZVI=",
        "owner": "oxalica",
        "repo": "rust-overlay",
        "rev": "84fb3c79e477d5e7ec4eff9c24dbc5d5c99b0fd1",
        "type": "github"
      },
      "original": {
        "owner": "oxalica",
        "repo": "rust-overlay",
        "type": "github"
      }
    },
    "server": {
      "inputs": {
        "flake-parts": "flake-parts",
        "flatland": [
          "flatland"
        ],
        "hercules-ci-effects": "hercules-ci-effects",
        "nixpkgs": "nixpkgs_11"
      },
      "locked": {
        "lastModified": 1790409811,
        "narHash": "sha256-UDW6AVDmyTVNy18HDNAj/zKwUoBYb4sj9QOwJHLO/CE=",
        "owner": "StardustXR",
        "repo": "server",
        "rev": "56fe20632bd12dde520b3cf1da5b17e514437503",
        "type": "github"
      },
      "original": {
        "owner": "StardustXR",
        "repo": "server",
        "type": "github"
      }
    },
    "solar-sailer": {
      "inputs": {
        "crane": "crane_9",
        "nixpkgs": "nixpkgs_12"
      },
      "locked": {
        "lastModified": 1790409824,
        "narHash": "sha256-BeR+hoPro5biWAXub0QVI4tE7oghAl2JV5FU94lCw40=",
        "owner": "StardustXR",
        "repo": "solar-sailer",
        "rev": "56dbd0395473e03596d82a236e0a22bcdda3d4e6",
        "type": "github"
      },
      "original": {
        "owner": "StardustXR",
        "repo": "solar-sailer",
        "type": "github"
      }
    },
    "wayland-service": {
      "inputs": {
        "crane": "crane_10",
        "nixpkgs": "nixpkgs_13"
      },
      "locked": {
        "lastModified": 1790630560,
        "narHash": "sha256-UgM+U2g1XZ0EPsDTeDUHESpxOupacyATCLLT15hDk5M=",
        "owner": "StardustXR",
        "repo": "wayland-service",
        "rev": "a4108d6c38a9f26eb01b7226b32c2d04b79f8e63",
        "type": "github"
      },
      "original": {
        "owner": "StardustXR",
        "repo": "wayland-service",
        "type": "github"
      }
    }
  },
  "root": "root",
  "version": 7
}
